
Microsoft Visual Studio Solution File, Format Version 12.00
# Visual Studio 2012
Project("{FAE04EC0-301F-11D3-BF4B-00C04F79EFBC}") = "Mate", "Mate\Mate.csproj", "{8D84DF3F-DA34-4033-ACF8-3AB6B522177B}"
	ProjectSection(ProjectDependencies) = postProject
		{9D357C22-24B5-48F7-886D-47A4CAFA8343} = {9D357C22-24B5-48F7-886D-47A4CAFA8343}
	EndProjectSection
EndProject
Project("{FAE04EC0-301F-11D3-BF4B-00C04F79EFBC}") = "General", "General\General.csproj", "{9D357C22-24B5-48F7-886D-47A4CAFA8343}"
EndProject
Project("{FAE04EC0-301F-11D3-BF4B-00C04F79EFBC}") = "Tryer", "Tryer\Tryer.csproj", "{AC862D7C-F571-4C45-902C-5B9D20885CDA}"
	ProjectSection(ProjectDependencies) = postProject
		{9D357C22-24B5-48F7-886D-47A4CAFA8343} = {9D357C22-24B5-48F7-886D-47A4CAFA8343}
		{8D84DF3F-DA34-4033-ACF8-3AB6B522177B} = {8D84DF3F-DA34-4033-ACF8-3AB6B522177B}
	EndProjectSection
EndProject
Global
	GlobalSection(SolutionConfigurationPlatforms) = preSolution
		Debug|Any CPU = Debug|Any CPU
		Release|Any CPU = Release|Any CPU
	EndGlobalSection
	GlobalSection(ProjectConfigurationPlatforms) = postSolution
		{8D84DF3F-DA34-4033-ACF8-3AB6B522177B}.Debug|Any CPU.ActiveCfg = Debug|Any CPU
		{8D84DF3F-DA34-4033-ACF8-3AB6B522177B}.Debug|Any CPU.Build.0 = Debug|Any CPU
		{8D84DF3F-DA34-4033-ACF8-3AB6B522177B}.Release|Any CPU.ActiveCfg = Release|Any CPU
		{8D84DF3F-DA34-4033-ACF8-3AB6B522177B}.Release|Any CPU.Build.0 = Release|Any CPU
		{9D357C22-24B5-48F7-886D-47A4CAFA8343}.Debug|Any CPU.ActiveCfg = Debug|Any CPU
		{9D357C22-24B5-48F7-886D-47A4CAFA8343}.Debug|Any CPU.Build.0 = Debug|Any CPU
		{9D357C22-24B5-48F7-886D-47A4CAFA8343}.Release|Any CPU.ActiveCfg = Release|Any CPU
		{9D357C22-24B5-48F7-886D-47A4CAFA8343}.Release|Any CPU.Build.0 = Release|Any CPU
		{AC862D7C-F571-4C45-902C-5B9D20885CDA}.Debug|Any CPU.ActiveCfg = Debug|Any CPU
		{AC862D7C-F571-4C45-902C-5B9D20885CDA}.Debug|Any CPU.Build.0 = Debug|Any CPU
		{AC862D7C-F571-4C45-902C-5B9D20885CDA}.Release|Any CPU.ActiveCfg = Release|Any CPU
		{AC862D7C-F571-4C45-902C-5B9D20885CDA}.Release|Any CPU.Build.0 = Release|Any CPU
	EndGlobalSection
	GlobalSection(SolutionProperties) = preSolution
		HideSolutionNode = FALSE
	EndGlobalSection
EndGlobal
