
Microsoft Visual Studio Solution File, Format Version 11.00
# Visual Studio 2010
Project("{FAE04EC0-301F-11D3-BF4B-00C04F79EFBC}") = "Leggermente.lib", "Leggermente.lib\Leggermente.lib.csproj", "{13A972FC-6808-4ADE-A414-3E87EAEFF217}"
EndProject
Project("{FAE04EC0-301F-11D3-BF4B-00C04F79EFBC}") = "Leggermente.lib.MATE", "Leggermente.lib.MATE\Leggermente.lib.MATE.csproj", "{F4FEC02B-58BA-4DA9-BC1F-5AE83F538BA7}"
	ProjectSection(ProjectDependencies) = postProject
		{13A972FC-6808-4ADE-A414-3E87EAEFF217} = {13A972FC-6808-4ADE-A414-3E87EAEFF217}
	EndProjectSection
EndProject
Global
	GlobalSection(SolutionConfigurationPlatforms) = preSolution
		Debug|Any CPU = Debug|Any CPU
		Release|Any CPU = Release|Any CPU
	EndGlobalSection
	GlobalSection(ProjectConfigurationPlatforms) = postSolution
		{13A972FC-6808-4ADE-A414-3E87EAEFF217}.Debug|Any CPU.ActiveCfg = Debug|Any CPU
		{13A972FC-6808-4ADE-A414-3E87EAEFF217}.Debug|Any CPU.Build.0 = Debug|Any CPU
		{13A972FC-6808-4ADE-A414-3E87EAEFF217}.Release|Any CPU.ActiveCfg = Release|Any CPU
		{13A972FC-6808-4ADE-A414-3E87EAEFF217}.Release|Any CPU.Build.0 = Release|Any CPU
		{F4FEC02B-58BA-4DA9-BC1F-5AE83F538BA7}.Debug|Any CPU.ActiveCfg = Debug|Any CPU
		{F4FEC02B-58BA-4DA9-BC1F-5AE83F538BA7}.Debug|Any CPU.Build.0 = Debug|Any CPU
		{F4FEC02B-58BA-4DA9-BC1F-5AE83F538BA7}.Release|Any CPU.ActiveCfg = Release|Any CPU
		{F4FEC02B-58BA-4DA9-BC1F-5AE83F538BA7}.Release|Any CPU.Build.0 = Release|Any CPU
	EndGlobalSection
	GlobalSection(SolutionProperties) = preSolution
		HideSolutionNode = FALSE
	EndGlobalSection
EndGlobal
